<?xml version="1.0" encoding="utf-8"?>
<Project DefaultTargets="Build" ToolsVersion="4.0" xmlns="http://schemas.microsoft.com/developer/msbuild/2003">
  <ItemGroup>
    <Filter Include="Source Files">
      <Extensions>cpp;c;cc;cxx;c++;cppm;ixx;def;odl;idl;hpj;bat;asm;asmx</Extensions>
      <UniqueIdentifier>{4FC737F1-C7A5-4376-A066-2A32D752A2FF}</UniqueIdentifier>
    </Filter>
    <Filter Include="Header Files">
      <Extensions>h;hh;hpp;hxx;h++;hm;inl;inc;ipp;xsd</Extensions>
      <UniqueIdentifier>{93995380-89BD-4B04-88EB-625FBE52EBFB}</UniqueIdentifier>
    </Filter>
    <Filter Include="Resource Files">
      <Extensions>rc;ico;cur;bmp;dlg;rc2;rct;bin;rgs;gif;jpg;jpeg;jpe;resx;tiff;tif;png;wav;mfcribbon-ms</Extensions>
      <UniqueIdentifier>{67DA6AB6-F800-4C08-8B7A-83BB121AAD01}</UniqueIdentifier>
    </Filter>
  </ItemGroup>
  <ItemGroup>
    <ClCompile Include=".\Acoder.cpp">
      <Filter>Source Files</Filter>
    </ClCompile>
    <ClCompile Include=".\Archive.cpp">
      <Filter>Source Files</Filter>
    </ClCompile>
    <ClCompile Include=".\Asc.cpp">
      <Filter>Source Files</Filter>
    </ClCompile>
    <ClCompile Include=".\Config.cpp">
      <Filter>Source Files</Filter>
    </ClCompile>
    <ClCompile Include=".\Cpy.cpp">
      <Filter>Source Files</Filter>
    </ClCompile>
    <ClCompile Include=".\Error.cpp">
      <Filter>Source Files</Filter>
    </ClCompile>
    <ClCompile Include=".\HAEngine.cpp">
      <Filter>Source Files</Filter>
    </ClCompile>
    <ClCompile Include=".\Haio.cpp">
      <Filter>Source Files</Filter>
    </ClCompile>
    <ClCompile Include=".\HaWCX.cpp">
      <Filter>Source Files</Filter>
    </ClCompile>
    <ClCompile Include=".\Hsc.cpp">
      <Filter>Source Files</Filter>
    </ClCompile>
    <ClCompile Include=".\routines.cpp">
      <Filter>Source Files</Filter>
    </ClCompile>
    <ClCompile Include=".\StdAfx.cpp">
      <Filter>Source Files</Filter>
    </ClCompile>
    <ClCompile Include=".\Swdict.cpp">
      <Filter>Source Files</Filter>
    </ClCompile>
  </ItemGroup>
  <ItemGroup>
    <None Include=".\HA.def">
      <Filter>Source Files</Filter>
    </None>
    <None Include=".\cursor.cur">
      <Filter>Resource Files</Filter>
    </None>
  </ItemGroup>
  <ItemGroup>
    <ClInclude Include=".\config.h">
      <Filter>Header Files</Filter>
    </ClInclude>
    <ClInclude Include=".\HAEngine.h">
      <Filter>Header Files</Filter>
    </ClInclude>
    <ClInclude Include=".\resource.h">
      <Filter>Header Files</Filter>
    </ClInclude>
    <ClInclude Include=".\routines.h">
      <Filter>Header Files</Filter>
    </ClInclude>
    <ClInclude Include=".\StdAfx.h">
      <Filter>Header Files</Filter>
    </ClInclude>
    <ClInclude Include="wcxhead.h">
      <Filter>Header Files</Filter>
    </ClInclude>
  </ItemGroup>
  <ItemGroup>
    <ResourceCompile Include=".\HA.RC">
      <Filter>Source Files</Filter>
    </ResourceCompile>
  </ItemGroup>
  <ItemGroup>
    <Image Include=".\icon.ico">
      <Filter>Resource Files</Filter>
    </Image>
    <Image Include=".\sciah.bmp">
      <Filter>Resource Files</Filter>
    </Image>
  </ItemGroup>
</Project>